
Microsoft Visual Studio Solution File, Format Version 12.00
# Visual Studio Version 17
VisualStudioVersion = 17.11.35222.181
MinimumVisualStudioVersion = 10.0.40219.1
Project("{FAE04EC0-301F-11D3-BF4B-00C04F79EFBC}") = "ProjetoMyrp", "ProjetoMyrp/ProjetoMyrp.csproj", "{1610D6D9-F456-4D58-A4F5-25C7A8648EFE}"
EndProject
Global
	GlobalSection(SolutionConfigurationPlatforms) = preSolution
		Debug|Any CPU = Debug|Any CPU
		Release|Any CPU = Release|Any CPU
	EndGlobalSection
	GlobalSection(ProjectConfigurationPlatforms) = postSolution
		{1610D6D9-F456-4D58-A4F5-25C7A8648EFE}.Debug|Any CPU.ActiveCfg = Debug|Any CPU
		{1610D6D9-F456-4D58-A4F5-25C7A8648EFE}.Debug|Any CPU.Build.0 = Debug|Any CPU
		{1610D6D9-F456-4D58-A4F5-25C7A8648EFE}.Release|Any CPU.ActiveCfg = Release|Any CPU
		{1610D6D9-F456-4D58-A4F5-25C7A8648EFE}.Release|Any CPU.Build.0 = Release|Any CPU
	EndGlobalSection
	GlobalSection(SolutionProperties) = preSolution
		HideSolutionNode = FALSE
	EndGlobalSection
	GlobalSection(ExtensibilityGlobals) = postSolution
		SolutionGuid = {0B5C9CA2-9333-4BD3-87DE-C780BE7B4C6C}
	EndGlobalSection
EndGlobal
